version = 1
revision = 3
requires-python = "==3.12.*"

[[package]]
name = "asr-service"
version = "0.1.0"
source = { virtual = "." }
dependencies = [
    { name = "python-multipart" },
]

[package.metadata]
requires-dist = [{ name = "python-multipart", specifier = "==0.0.27" }]

[[package]]
name = "python-multipart"
version = "0.0.27"
source = { registry = "https://pypi.org/simple" }
sdist = { url = "https://files.pythonhosted.org/packages/69/9b/f23807317a113dc36e74e75eb265a02dd1a4d9082abc3c1064acd22997c4/python_multipart-0.0.27.tar.gz", hash = "sha256:9870a6a8c5a20a5bf4f07c017bd1489006ff8836cff097b6933355ee2b49b602", size = 44043, upload-time = "2026-04-27T10:51:26.649Z" }
wheels = [
    { url = "https://files.pythonhosted.org/packages/99/78/4126abcbdbd3c559d43e0db7f7b9173fc6befe45d39a2856cc0b8ec2a5a6/python_multipart-0.0.27-py3-none-any.whl", hash = "sha256:6fccfad17a27334bd0193681b369f476eda3409f17381a2d65aa7df3f7275645", size = 29254, upload-time = "2026-04-27T10:51:24.997Z" },
]
